
Microsoft Visual Studio Solution File, Format Version 12.00
# Visual Studio Version 16
VisualStudioVersion = 16.0.29201.188
MinimumVisualStudioVersion = 10.0.40219.1
Project("{00D1A9C2-B5F0-4AF3-8072-F6C62B433612}") = "iToolsDatabase", "iToolsDatabase\iToolsDatabase.sqlproj", "{B4AE8699-32CC-4559-A77C-C78701F6B631}"
EndProject
Project("{00D1A9C2-B5F0-4AF3-8072-F6C62B433612}") = "iToolsDatabaseStaging", "iToolsDatabaseStaging\iToolsDatabaseStaging.sqlproj", "{F554A662-AB00-4E6C-BDC5-E50AB1820842}"
EndProject
Global
	GlobalSection(SolutionConfigurationPlatforms) = preSolution
		Debug|Any CPU = Debug|Any CPU
		Release|Any CPU = Release|Any CPU
	EndGlobalSection
	GlobalSection(ProjectConfigurationPlatforms) = postSolution
		{B4AE8699-32CC-4559-A77C-C78701F6B631}.Debug|Any CPU.ActiveCfg = Debug|Any CPU
		{B4AE8699-32CC-4559-A77C-C78701F6B631}.Debug|Any CPU.Build.0 = Debug|Any CPU
		{B4AE8699-32CC-4559-A77C-C78701F6B631}.Debug|Any CPU.Deploy.0 = Debug|Any CPU
		{B4AE8699-32CC-4559-A77C-C78701F6B631}.Release|Any CPU.ActiveCfg = Release|Any CPU
		{B4AE8699-32CC-4559-A77C-C78701F6B631}.Release|Any CPU.Build.0 = Release|Any CPU
		{B4AE8699-32CC-4559-A77C-C78701F6B631}.Release|Any CPU.Deploy.0 = Release|Any CPU
		{F554A662-AB00-4E6C-BDC5-E50AB1820842}.Debug|Any CPU.ActiveCfg = Debug|Any CPU
		{F554A662-AB00-4E6C-BDC5-E50AB1820842}.Debug|Any CPU.Build.0 = Debug|Any CPU
		{F554A662-AB00-4E6C-BDC5-E50AB1820842}.Debug|Any CPU.Deploy.0 = Debug|Any CPU
		{F554A662-AB00-4E6C-BDC5-E50AB1820842}.Release|Any CPU.ActiveCfg = Release|Any CPU
		{F554A662-AB00-4E6C-BDC5-E50AB1820842}.Release|Any CPU.Build.0 = Release|Any CPU
		{F554A662-AB00-4E6C-BDC5-E50AB1820842}.Release|Any CPU.Deploy.0 = Release|Any CPU
	EndGlobalSection
	GlobalSection(SolutionProperties) = preSolution
		HideSolutionNode = FALSE
	EndGlobalSection
	GlobalSection(ExtensibilityGlobals) = postSolution
		SolutionGuid = {C48F927D-AE13-4673-BB81-3EBF54D79050}
	EndGlobalSection
EndGlobal
